{
  "name": "boombeastic",
  "version": "1.0.0-beta1",
  "lockfileVersion": 1,
  "requires": true,
  "dependencies": {
    "daap-parser": {
      "version": "0.0.1",
      "resolved": "https://registry.npmjs.org/daap-parser/-/daap-parser-0.0.1.tgz",
      "integrity": "sha1-2b8YCwCuV32aUfU0D+9h8hV+/vI="
    },
    "sax": {
      "version": "1.2.4",
      "resolved": "https://registry.npmjs.org/sax/-/sax-1.2.4.tgz",
      "integrity": "sha512-NqVDv9TpANUjFm0N8uM5GxL36UgKi9/atZw+x7YFnQ8ckwFGKrl4xX4yWtrey3UJm5nP1kUbnYgLopqWNSRhWw=="
    },
    "shairport-sync-reader": {
      "version": "0.0.6",
      "resolved": "https://registry.npmjs.org/shairport-sync-reader/-/shairport-sync-reader-0.0.6.tgz",
      "integrity": "sha512-U3qurkZYe/7o2Rk5quFii3+Wo2tMfOnXz7EaRdeirizX+2E5WuJIqeK+p5l+laxluwgsb2VIxi2icSwHoc+HcQ==",
      "requires": {
        "daap-parser": "0.0.1",
        "xml2js": "0.4.19"
      }
    },
    "xml2js": {
      "version": "0.4.19",
      "resolved": "https://registry.npmjs.org/xml2js/-/xml2js-0.4.19.tgz",
      "integrity": "sha512-esZnJZJOiJR9wWKMyuvSE1y6Dq5LCuJanqhxslH2bxM6duahNZ+HMpCLhBQGZkbX6xRf8x1Y2eJlgt2q3qo49Q==",
      "requires": {
        "sax": "1.2.4",
        "xmlbuilder": "9.0.4"
      }
    },
    "xmlbuilder": {
      "version": "9.0.4",
      "resolved": "https://registry.npmjs.org/xmlbuilder/-/xmlbuilder-9.0.4.tgz",
      "integrity": "sha1-UZy0ymhtAFqEINNJbz8MruzKWA8="
    }
  }
}
